
Microsoft Visual Studio Solution File, Format Version 12.00
# Visual Studio Version 17
VisualStudioVersion = 17.4.33213.308
MinimumVisualStudioVersion = 10.0.40219.1
Project("{D2ABAB84-BF74-430A-B69E-9DC6D40DDA17}") = "FinalProjectAnalysisCube", "FinalProjectAnalysisCube.dwproj", "{060D04D8-2598-407A-8140-9B8E71DA0795}"
EndProject
Global
	GlobalSection(SolutionConfigurationPlatforms) = preSolution
		Development|Default = Development|Default
	EndGlobalSection
	GlobalSection(ProjectConfigurationPlatforms) = postSolution
		{060D04D8-2598-407A-8140-9B8E71DA0795}.Development|Default.ActiveCfg = Development
		{060D04D8-2598-407A-8140-9B8E71DA0795}.Development|Default.Build.0 = Development
		{060D04D8-2598-407A-8140-9B8E71DA0795}.Development|Default.Deploy.0 = Development
	EndGlobalSection
	GlobalSection(SolutionProperties) = preSolution
		HideSolutionNode = FALSE
	EndGlobalSection
	GlobalSection(ExtensibilityGlobals) = postSolution
		SolutionGuid = {49985224-06BF-46CA-8330-54C6D425E725}
	EndGlobalSection
EndGlobal
